// !$*UTF8*$!
{
	archiveVersion = 1;
	classes = {
	};
	objectVersion = 56;
	objects = {

/* Begin PBXBuildFile section */
		D629A8252C1E39FC00ECAC12 /* TensorKit.docc in Sources */ = {isa = PBXBuildFile; fileRef = D629A8242C1E39FC00ECAC12 /* TensorKit.docc */; };
		D629A82B2C1E39FC00ECAC12 /* TensorKit.framework in Frameworks */ = {isa = PBXBuildFile; fileRef = D629A8202C1E39FC00ECAC12 /* TensorKit.framework */; };
		D629A8302C1E39FC00ECAC12 /* TensorKitTests.swift in Sources */ = {isa = PBXBuildFile; fileRef = D629A82F2C1E39FC00ECAC12 /* TensorKitTests.swift */; };
		D629A8312C1E39FC00ECAC12 /* TensorKit.h in Headers */ = {isa = PBXBuildFile; fileRef = D629A8232C1E39FC00ECAC12 /* TensorKit.h */; settings = {ATTRIBUTES = (Public, ); }; };
		D629A8522C1E3A9000ECAC12 /* concat.swift in Sources */ = {isa = PBXBuildFile; fileRef = D629A83A2C1E3A9000ECAC12 /* concat.swift */; };
		D629A8532C1E3A9000ECAC12 /* mean.swift in Sources */ = {isa = PBXBuildFile; fileRef = D629A83B2C1E3A9000ECAC12 /* mean.swift */; };
		D629A8542C1E3A9000ECAC12 /* reduce.swift in Sources */ = {isa = PBXBuildFile; fileRef = D629A83C2C1E3A9000ECAC12 /* reduce.swift */; };
		D629A8552C1E3A9000ECAC12 /* slice.swift in Sources */ = {isa = PBXBuildFile; fileRef = D629A83D2C1E3A9000ECAC12 /* slice.swift */; };
		D629A8562C1E3A9000ECAC12 /* squeeze.swift in Sources */ = {isa = PBXBuildFile; fileRef = D629A83E2C1E3A9000ECAC12 /* squeeze.swift */; };
		D629A8572C1E3A9000ECAC12 /* stack.swift in Sources */ = {isa = PBXBuildFile; fileRef = D629A83F2C1E3A9000ECAC12 /* stack.swift */; };
		D629A8582C1E3A9000ECAC12 /* transpose.swift in Sources */ = {isa = PBXBuildFile; fileRef = D629A8402C1E3A9000ECAC12 /* transpose.swift */; };
		D629A8592C1E3A9000ECAC12 /* calculateStrides.swift in Sources */ = {isa = PBXBuildFile; fileRef = D629A8422C1E3A9000ECAC12 /* calculateStrides.swift */; };
		D629A85C2C1E3A9000ECAC12 /* item.swift in Sources */ = {isa = PBXBuildFile; fileRef = D629A8452C1E3A9000ECAC12 /* item.swift */; };
		D629A85D2C1E3A9000ECAC12 /* nestedArray.swift in Sources */ = {isa = PBXBuildFile; fileRef = D629A8462C1E3A9000ECAC12 /* nestedArray.swift */; };
		D629A85E2C1E3A9000ECAC12 /* processValues.swift in Sources */ = {isa = PBXBuildFile; fileRef = D629A8472C1E3A9000ECAC12 /* processValues.swift */; };
		D629A8602C1E3A9000ECAC12 /* ScalarTensorArithmetic.swift in Sources */ = {isa = PBXBuildFile; fileRef = D629A8492C1E3A9000ECAC12 /* ScalarTensorArithmetic.swift */; };
		D629A8612C1E3A9000ECAC12 /* sqrt.swift in Sources */ = {isa = PBXBuildFile; fileRef = D629A84A2C1E3A9000ECAC12 /* sqrt.swift */; };
		D629A8622C1E3A9000ECAC12 /* Tensor.swift in Sources */ = {isa = PBXBuildFile; fileRef = D629A84B2C1E3A9000ECAC12 /* Tensor.swift */; };
		D629A8632C1E3A9000ECAC12 /* TensorArithmetic.swift in Sources */ = {isa = PBXBuildFile; fileRef = D629A84C2C1E3A9000ECAC12 /* TensorArithmetic.swift */; };
		D629A8642C1E3A9000ECAC12 /* TensorBroadcasting.swift in Sources */ = {isa = PBXBuildFile; fileRef = D629A84D2C1E3A9000ECAC12 /* TensorBroadcasting.swift */; };
		D629A8652C1E3A9000ECAC12 /* TensorData.swift in Sources */ = {isa = PBXBuildFile; fileRef = D629A84E2C1E3A9000ECAC12 /* TensorData.swift */; };
		D629A8662C1E3A9000ECAC12 /* TensorInit.swift in Sources */ = {isa = PBXBuildFile; fileRef = D629A84F2C1E3A9000ECAC12 /* TensorInit.swift */; };
		D629A8672C1E3A9000ECAC12 /* variance.swift in Sources */ = {isa = PBXBuildFile; fileRef = D629A8502C1E3A9000ECAC12 /* variance.swift */; };
		D629A86F2C1E3AA400ECAC12 /* eye.swift in Sources */ = {isa = PBXBuildFile; fileRef = D629A8682C1E3AA400ECAC12 /* eye.swift */; };
		D629A8702C1E3AA400ECAC12 /* ones.swift in Sources */ = {isa = PBXBuildFile; fileRef = D629A8692C1E3AA400ECAC12 /* ones.swift */; };
		D629A8712C1E3AA400ECAC12 /* rand.swift in Sources */ = {isa = PBXBuildFile; fileRef = D629A86A2C1E3AA400ECAC12 /* rand.swift */; };
		D629A8722C1E3AA400ECAC12 /* randn.swift in Sources */ = {isa = PBXBuildFile; fileRef = D629A86B2C1E3AA400ECAC12 /* randn.swift */; };
		D629A8732C1E3AA400ECAC12 /* zeros.swift in Sources */ = {isa = PBXBuildFile; fileRef = D629A86C2C1E3AA400ECAC12 /* zeros.swift */; };
		D629A8742C1E3AA400ECAC12 /* zerosLike.swift in Sources */ = {isa = PBXBuildFile; fileRef = D629A86D2C1E3AA400ECAC12 /* zerosLike.swift */; };
		D629A8922C1E3B0000ECAC12 /* calculateStridesTest.swift in Sources */ = {isa = PBXBuildFile; fileRef = D629A8762C1E3B0000ECAC12 /* calculateStridesTest.swift */; };
		D629A8942C1E3B0000ECAC12 /* nestedArrayTest.swift in Sources */ = {isa = PBXBuildFile; fileRef = D629A8782C1E3B0000ECAC12 /* nestedArrayTest.swift */; };
		D629A8952C1E3B0000ECAC12 /* processValuesTest.swift in Sources */ = {isa = PBXBuildFile; fileRef = D629A8792C1E3B0000ECAC12 /* processValuesTest.swift */; };
		D629A8962C1E3B0000ECAC12 /* TensorArithmeticTests.swift in Sources */ = {isa = PBXBuildFile; fileRef = D629A87A2C1E3B0000ECAC12 /* TensorArithmeticTests.swift */; };
		D629A8972C1E3B0000ECAC12 /* TensorBroadcastTests.swift in Sources */ = {isa = PBXBuildFile; fileRef = D629A87B2C1E3B0000ECAC12 /* TensorBroadcastTests.swift */; };
		D629A8982C1E3B0000ECAC12 /* TensorConcatTests.swift in Sources */ = {isa = PBXBuildFile; fileRef = D629A87C2C1E3B0000ECAC12 /* TensorConcatTests.swift */; };
		D629A8992C1E3B0000ECAC12 /* TensorCPUAdditionTests.swift in Sources */ = {isa = PBXBuildFile; fileRef = D629A87D2C1E3B0000ECAC12 /* TensorCPUAdditionTests.swift */; };
		D629A89A2C1E3B0000ECAC12 /* TensorDataTests.swift in Sources */ = {isa = PBXBuildFile; fileRef = D629A87E2C1E3B0000ECAC12 /* TensorDataTests.swift */; };
		D629A89B2C1E3B0000ECAC12 /* TensorInitFromNDArrayTests.swift in Sources */ = {isa = PBXBuildFile; fileRef = D629A87F2C1E3B0000ECAC12 /* TensorInitFromNDArrayTests.swift */; };
		D629A89C2C1E3B0000ECAC12 /* TensorInitTests.swift in Sources */ = {isa = PBXBuildFile; fileRef = D629A8802C1E3B0000ECAC12 /* TensorInitTests.swift */; };
		D629A89D2C1E3B0000ECAC12 /* TensorMeanTests.swift in Sources */ = {isa = PBXBuildFile; fileRef = D629A8812C1E3B0000ECAC12 /* TensorMeanTests.swift */; };
		D629A89E2C1E3B0000ECAC12 /* TensorMPSAdditionTests.swift in Sources */ = {isa = PBXBuildFile; fileRef = D629A8822C1E3B0000ECAC12 /* TensorMPSAdditionTests.swift */; };
		D629A89F2C1E3B0000ECAC12 /* TensorMPSSubtractionTests.swift in Sources */ = {isa = PBXBuildFile; fileRef = D629A8832C1E3B0000ECAC12 /* TensorMPSSubtractionTests.swift */; };
		D629A8A02C1E3B0000ECAC12 /* TensorReduceTests.swift in Sources */ = {isa = PBXBuildFile; fileRef = D629A8842C1E3B0000ECAC12 /* TensorReduceTests.swift */; };
		D629A8A12C1E3B0000ECAC12 /* TensorSquareRootTests.swift in Sources */ = {isa = PBXBuildFile; fileRef = D629A8852C1E3B0000ECAC12 /* TensorSquareRootTests.swift */; };
		D629A8A22C1E3B0000ECAC12 /* TensorStackTests.swift in Sources */ = {isa = PBXBuildFile; fileRef = D629A8862C1E3B0000ECAC12 /* TensorStackTests.swift */; };
		D629A8A32C1E3B0000ECAC12 /* TensorTests.swift in Sources */ = {isa = PBXBuildFile; fileRef = D629A8872C1E3B0000ECAC12 /* TensorTests.swift */; };
		D629A8A42C1E3B0000ECAC12 /* TensorVarianceTests.swift in Sources */ = {isa = PBXBuildFile; fileRef = D629A8882C1E3B0000ECAC12 /* TensorVarianceTests.swift */; };
		D629A8A52C1E3B0000ECAC12 /* transposeTests.swift in Sources */ = {isa = PBXBuildFile; fileRef = D629A8892C1E3B0000ECAC12 /* transposeTests.swift */; };
		D629A8A62C1E3B0000ECAC12 /* eyeTests.swift in Sources */ = {isa = PBXBuildFile; fileRef = D629A88B2C1E3B0000ECAC12 /* eyeTests.swift */; };
		D629A8A72C1E3B0000ECAC12 /* onesTests.swift in Sources */ = {isa = PBXBuildFile; fileRef = D629A88C2C1E3B0000ECAC12 /* onesTests.swift */; };
		D629A8A82C1E3B0000ECAC12 /* randnTests.swift in Sources */ = {isa = PBXBuildFile; fileRef = D629A88D2C1E3B0000ECAC12 /* randnTests.swift */; };
		D629A8A92C1E3B0000ECAC12 /* randTests.swift in Sources */ = {isa = PBXBuildFile; fileRef = D629A88E2C1E3B0000ECAC12 /* randTests.swift */; };
		D629A8AA2C1E3B0000ECAC12 /* zerosTests.swift in Sources */ = {isa = PBXBuildFile; fileRef = D629A88F2C1E3B0000ECAC12 /* zerosTests.swift */; };
		D629A8AC2C1F97FC00ECAC12 /* DeviceType.swift in Sources */ = {isa = PBXBuildFile; fileRef = D629A8AB2C1F97FC00ECAC12 /* DeviceType.swift */; };
		D629A8AE2C1F9BC800ECAC12 /* ShapeAlignment.swift in Sources */ = {isa = PBXBuildFile; fileRef = D629A8AD2C1F9BC800ECAC12 /* ShapeAlignment.swift */; };
		D629A8B32C1F9C4700ECAC12 /* Bool.swift in Sources */ = {isa = PBXBuildFile; fileRef = D629A8B02C1F9C4700ECAC12 /* Bool.swift */; };
		D629A8B42C1F9C4700ECAC12 /* Int.swift in Sources */ = {isa = PBXBuildFile; fileRef = D629A8B12C1F9C4700ECAC12 /* Int.swift */; };
		D629A8B52C1F9C4700ECAC12 /* Float.swift in Sources */ = {isa = PBXBuildFile; fileRef = D629A8B22C1F9C4700ECAC12 /* Float.swift */; };
		D629A8D02C1F9E1900ECAC12 /* broadcastAddition.metal in Sources */ = {isa = PBXBuildFile; fileRef = D629A8B62C1F9E1900ECAC12 /* broadcastAddition.metal */; };
		D629A8D12C1F9E1900ECAC12 /* elementwiseAddition.metal in Sources */ = {isa = PBXBuildFile; fileRef = D629A8B72C1F9E1900ECAC12 /* elementwiseAddition.metal */; };
		D629A8D22C1F9E1900ECAC12 /* elementwiseDivision.metal in Sources */ = {isa = PBXBuildFile; fileRef = D629A8B82C1F9E1900ECAC12 /* elementwiseDivision.metal */; };
		D629A8D32C1F9E1900ECAC12 /* elementwiseMultiplication.metal in Sources */ = {isa = PBXBuildFile; fileRef = D629A8B92C1F9E1900ECAC12 /* elementwiseMultiplication.metal */; };
		D629A8D42C1F9E1900ECAC12 /* elementwiseSubtraction.metal in Sources */ = {isa = PBXBuildFile; fileRef = D629A8BA2C1F9E1900ECAC12 /* elementwiseSubtraction.metal */; };
		D629A8D62C1F9E1900ECAC12 /* makePipelineState.swift in Sources */ = {isa = PBXBuildFile; fileRef = D629A8BE2C1F9E1900ECAC12 /* makePipelineState.swift */; };
		D629A8D72C1F9E1900ECAC12 /* MPSBackend.swift in Sources */ = {isa = PBXBuildFile; fileRef = D629A8BF2C1F9E1900ECAC12 /* MPSBackend.swift */; };
		D629A8D82C1F9E1900ECAC12 /* MPSBackendError.swift in Sources */ = {isa = PBXBuildFile; fileRef = D629A8C02C1F9E1900ECAC12 /* MPSBackendError.swift */; };
		D629A8DC2C1F9E1900ECAC12 /* CPUBackend.swift in Sources */ = {isa = PBXBuildFile; fileRef = D629A8C62C1F9E1900ECAC12 /* CPUBackend.swift */; };
		D629A98E2C211C3600ECAC12 /* TensorMPSMultiplicationTests.swift in Sources */ = {isa = PBXBuildFile; fileRef = D629A98D2C211C3600ECAC12 /* TensorMPSMultiplicationTests.swift */; };
		D629A9902C211C4300ECAC12 /* TensorMPSDivisionTests.swift in Sources */ = {isa = PBXBuildFile; fileRef = D629A98F2C211C4300ECAC12 /* TensorMPSDivisionTests.swift */; };
		D65B75822C24A75800667D79 /* ZerosLikeTests.swift in Sources */ = {isa = PBXBuildFile; fileRef = D65B75812C24A75800667D79 /* ZerosLikeTests.swift */; };
		D65B75842C24AA0B00667D79 /* TensorSqueezeTests.swift in Sources */ = {isa = PBXBuildFile; fileRef = D65B75832C24AA0B00667D79 /* TensorSqueezeTests.swift */; };
		D65B75862C24B08600667D79 /* ScalarTensorArithmeticTests.swift in Sources */ = {isa = PBXBuildFile; fileRef = D65B75852C24B08600667D79 /* ScalarTensorArithmeticTests.swift */; };
		D6B720A02C220D1800EB115D /* dot.metal in Sources */ = {isa = PBXBuildFile; fileRef = D6B7209F2C220D1800EB115D /* dot.metal */; };
		D6B720A22C220D2900EB115D /* matMul.metal in Sources */ = {isa = PBXBuildFile; fileRef = D6B720A12C220D2900EB115D /* matMul.metal */; };
		D6B720A42C220D3C00EB115D /* batchMatMul.metal in Sources */ = {isa = PBXBuildFile; fileRef = D6B720A32C220D3C00EB115D /* batchMatMul.metal */; };
		D6B720A62C22114C00EB115D /* matMul.swift in Sources */ = {isa = PBXBuildFile; fileRef = D6B720A52C22114C00EB115D /* matMul.swift */; };
		D6B720A82C22118D00EB115D /* TensorMPSMatMulTests.swift in Sources */ = {isa = PBXBuildFile; fileRef = D6B720A72C22118D00EB115D /* TensorMPSMatMulTests.swift */; };
		D6B720AA2C2223EF00EB115D /* TensorCPUMatMulTests.swift in Sources */ = {isa = PBXBuildFile; fileRef = D6B720A92C2223EF00EB115D /* TensorCPUMatMulTests.swift */; };
		D6B720AC2C2226CC00EB115D /* TensorMPSDotProductTests.swift in Sources */ = {isa = PBXBuildFile; fileRef = D6B720AB2C2226CC00EB115D /* TensorMPSDotProductTests.swift */; };
		D6B720AE2C2226ED00EB115D /* TensorCPUDotProductTests.swift in Sources */ = {isa = PBXBuildFile; fileRef = D6B720AD2C2226ED00EB115D /* TensorCPUDotProductTests.swift */; };
		D6B720B02C22289D00EB115D /* dot.swift in Sources */ = {isa = PBXBuildFile; fileRef = D6B720AF2C22289D00EB115D /* dot.swift */; };
		D6B720B22C2233A600EB115D /* unsqueeze.swift in Sources */ = {isa = PBXBuildFile; fileRef = D6B720B12C2233A600EB115D /* unsqueeze.swift */; };
		D6B720B42C223BA500EB115D /* TensorUnsqueezeTests.swift in Sources */ = {isa = PBXBuildFile; fileRef = D6B720B32C223BA500EB115D /* TensorUnsqueezeTests.swift */; };
		D6B720B82C2258D400EB115D /* tiledMatMul.metal in Sources */ = {isa = PBXBuildFile; fileRef = D6B720B72C2258D400EB115D /* tiledMatMul.metal */; };
		D6B721022C239C8400EB115D /* leakyReLU.metal in Sources */ = {isa = PBXBuildFile; fileRef = D6B720FC2C239C8300EB115D /* leakyReLU.metal */; };
		D6B721032C239C8400EB115D /* relu.metal in Sources */ = {isa = PBXBuildFile; fileRef = D6B720FD2C239C8300EB115D /* relu.metal */; };
		D6B721042C239C8400EB115D /* sigmoidBackward.metal in Sources */ = {isa = PBXBuildFile; fileRef = D6B720FE2C239C8300EB115D /* sigmoidBackward.metal */; };
		D6B721052C239C8400EB115D /* sigmoidForward.metal in Sources */ = {isa = PBXBuildFile; fileRef = D6B720FF2C239C8300EB115D /* sigmoidForward.metal */; };
		D6B721062C239C8400EB115D /* tanh.metal in Sources */ = {isa = PBXBuildFile; fileRef = D6B721002C239C8300EB115D /* tanh.metal */; };
/* End PBXBuildFile section */

/* Begin PBXContainerItemProxy section */
		D629A82C2C1E39FC00ECAC12 /* PBXContainerItemProxy */ = {
			isa = PBXContainerItemProxy;
			containerPortal = D629A8172C1E39FC00ECAC12 /* Project object */;
			proxyType = 1;
			remoteGlobalIDString = D629A81F2C1E39FC00ECAC12;
			remoteInfo = TensorKit;
		};
/* End PBXContainerItemProxy section */

/* Begin PBXFileReference section */
		D629A8202C1E39FC00ECAC12 /* TensorKit.framework */ = {isa = PBXFileReference; explicitFileType = wrapper.framework; includeInIndex = 0; path = TensorKit.framework; sourceTree = BUILT_PRODUCTS_DIR; };
		D629A8232C1E39FC00ECAC12 /* TensorKit.h */ = {isa = PBXFileReference; lastKnownFileType = sourcecode.c.h; path = TensorKit.h; sourceTree = "<group>"; };
		D629A8242C1E39FC00ECAC12 /* TensorKit.docc */ = {isa = PBXFileReference; lastKnownFileType = folder.documentationcatalog; path = TensorKit.docc; sourceTree = "<group>"; };
		D629A82A2C1E39FC00ECAC12 /* TensorKitTests.xctest */ = {isa = PBXFileReference; explicitFileType = wrapper.cfbundle; includeInIndex = 0; path = TensorKitTests.xctest; sourceTree = BUILT_PRODUCTS_DIR; };
		D629A82F2C1E39FC00ECAC12 /* TensorKitTests.swift */ = {isa = PBXFileReference; lastKnownFileType = sourcecode.swift; path = TensorKitTests.swift; sourceTree = "<group>"; };
		D629A83A2C1E3A9000ECAC12 /* concat.swift */ = {isa = PBXFileReference; fileEncoding = 4; lastKnownFileType = sourcecode.swift; path = concat.swift; sourceTree = "<group>"; };
		D629A83B2C1E3A9000ECAC12 /* mean.swift */ = {isa = PBXFileReference; fileEncoding = 4; lastKnownFileType = sourcecode.swift; path = mean.swift; sourceTree = "<group>"; };
		D629A83C2C1E3A9000ECAC12 /* reduce.swift */ = {isa = PBXFileReference; fileEncoding = 4; lastKnownFileType = sourcecode.swift; path = reduce.swift; sourceTree = "<group>"; };
		D629A83D2C1E3A9000ECAC12 /* slice.swift */ = {isa = PBXFileReference; fileEncoding = 4; lastKnownFileType = sourcecode.swift; path = slice.swift; sourceTree = "<group>"; };
		D629A83E2C1E3A9000ECAC12 /* squeeze.swift */ = {isa = PBXFileReference; fileEncoding = 4; lastKnownFileType = sourcecode.swift; path = squeeze.swift; sourceTree = "<group>"; };
		D629A83F2C1E3A9000ECAC12 /* stack.swift */ = {isa = PBXFileReference; fileEncoding = 4; lastKnownFileType = sourcecode.swift; path = stack.swift; sourceTree = "<group>"; };
		D629A8402C1E3A9000ECAC12 /* transpose.swift */ = {isa = PBXFileReference; fileEncoding = 4; lastKnownFileType = sourcecode.swift; path = transpose.swift; sourceTree = "<group>"; };
		D629A8422C1E3A9000ECAC12 /* calculateStrides.swift */ = {isa = PBXFileReference; fileEncoding = 4; lastKnownFileType = sourcecode.swift; path = calculateStrides.swift; sourceTree = "<group>"; };
		D629A8452C1E3A9000ECAC12 /* item.swift */ = {isa = PBXFileReference; fileEncoding = 4; lastKnownFileType = sourcecode.swift; path = item.swift; sourceTree = "<group>"; };
		D629A8462C1E3A9000ECAC12 /* nestedArray.swift */ = {isa = PBXFileReference; fileEncoding = 4; lastKnownFileType = sourcecode.swift; path = nestedArray.swift; sourceTree = "<group>"; };
		D629A8472C1E3A9000ECAC12 /* processValues.swift */ = {isa = PBXFileReference; fileEncoding = 4; lastKnownFileType = sourcecode.swift; path = processValues.swift; sourceTree = "<group>"; };
		D629A8492C1E3A9000ECAC12 /* ScalarTensorArithmetic.swift */ = {isa = PBXFileReference; fileEncoding = 4; lastKnownFileType = sourcecode.swift; path = ScalarTensorArithmetic.swift; sourceTree = "<group>"; };
		D629A84A2C1E3A9000ECAC12 /* sqrt.swift */ = {isa = PBXFileReference; fileEncoding = 4; lastKnownFileType = sourcecode.swift; path = sqrt.swift; sourceTree = "<group>"; };
		D629A84B2C1E3A9000ECAC12 /* Tensor.swift */ = {isa = PBXFileReference; fileEncoding = 4; lastKnownFileType = sourcecode.swift; path = Tensor.swift; sourceTree = "<group>"; };
		D629A84C2C1E3A9000ECAC12 /* TensorArithmetic.swift */ = {isa = PBXFileReference; fileEncoding = 4; lastKnownFileType = sourcecode.swift; path = TensorArithmetic.swift; sourceTree = "<group>"; };
		D629A84D2C1E3A9000ECAC12 /* TensorBroadcasting.swift */ = {isa = PBXFileReference; fileEncoding = 4; lastKnownFileType = sourcecode.swift; path = TensorBroadcasting.swift; sourceTree = "<group>"; };
		D629A84E2C1E3A9000ECAC12 /* TensorData.swift */ = {isa = PBXFileReference; fileEncoding = 4; lastKnownFileType = sourcecode.swift; path = TensorData.swift; sourceTree = "<group>"; };
		D629A84F2C1E3A9000ECAC12 /* TensorInit.swift */ = {isa = PBXFileReference; fileEncoding = 4; lastKnownFileType = sourcecode.swift; path = TensorInit.swift; sourceTree = "<group>"; };
		D629A8502C1E3A9000ECAC12 /* variance.swift */ = {isa = PBXFileReference; fileEncoding = 4; lastKnownFileType = sourcecode.swift; path = variance.swift; sourceTree = "<group>"; };
		D629A8682C1E3AA400ECAC12 /* eye.swift */ = {isa = PBXFileReference; fileEncoding = 4; lastKnownFileType = sourcecode.swift; path = eye.swift; sourceTree = "<group>"; };
		D629A8692C1E3AA400ECAC12 /* ones.swift */ = {isa = PBXFileReference; fileEncoding = 4; lastKnownFileType = sourcecode.swift; path = ones.swift; sourceTree = "<group>"; };
		D629A86A2C1E3AA400ECAC12 /* rand.swift */ = {isa = PBXFileReference; fileEncoding = 4; lastKnownFileType = sourcecode.swift; path = rand.swift; sourceTree = "<group>"; };
		D629A86B2C1E3AA400ECAC12 /* randn.swift */ = {isa = PBXFileReference; fileEncoding = 4; lastKnownFileType = sourcecode.swift; path = randn.swift; sourceTree = "<group>"; };
		D629A86C2C1E3AA400ECAC12 /* zeros.swift */ = {isa = PBXFileReference; fileEncoding = 4; lastKnownFileType = sourcecode.swift; path = zeros.swift; sourceTree = "<group>"; };
		D629A86D2C1E3AA400ECAC12 /* zerosLike.swift */ = {isa = PBXFileReference; fileEncoding = 4; lastKnownFileType = sourcecode.swift; path = zerosLike.swift; sourceTree = "<group>"; };
		D629A8762C1E3B0000ECAC12 /* calculateStridesTest.swift */ = {isa = PBXFileReference; fileEncoding = 4; lastKnownFileType = sourcecode.swift; path = calculateStridesTest.swift; sourceTree = "<group>"; };
		D629A8782C1E3B0000ECAC12 /* nestedArrayTest.swift */ = {isa = PBXFileReference; fileEncoding = 4; lastKnownFileType = sourcecode.swift; path = nestedArrayTest.swift; sourceTree = "<group>"; };
		D629A8792C1E3B0000ECAC12 /* processValuesTest.swift */ = {isa = PBXFileReference; fileEncoding = 4; lastKnownFileType = sourcecode.swift; path = processValuesTest.swift; sourceTree = "<group>"; };
		D629A87A2C1E3B0000ECAC12 /* TensorArithmeticTests.swift */ = {isa = PBXFileReference; fileEncoding = 4; lastKnownFileType = sourcecode.swift; path = TensorArithmeticTests.swift; sourceTree = "<group>"; };
		D629A87B2C1E3B0000ECAC12 /* TensorBroadcastTests.swift */ = {isa = PBXFileReference; fileEncoding = 4; lastKnownFileType = sourcecode.swift; path = TensorBroadcastTests.swift; sourceTree = "<group>"; };
		D629A87C2C1E3B0000ECAC12 /* TensorConcatTests.swift */ = {isa = PBXFileReference; fileEncoding = 4; lastKnownFileType = sourcecode.swift; path = TensorConcatTests.swift; sourceTree = "<group>"; };
		D629A87D2C1E3B0000ECAC12 /* TensorCPUAdditionTests.swift */ = {isa = PBXFileReference; fileEncoding = 4; lastKnownFileType = sourcecode.swift; path = TensorCPUAdditionTests.swift; sourceTree = "<group>"; };
		D629A87E2C1E3B0000ECAC12 /* TensorDataTests.swift */ = {isa = PBXFileReference; fileEncoding = 4; lastKnownFileType = sourcecode.swift; path = TensorDataTests.swift; sourceTree = "<group>"; };
		D629A87F2C1E3B0000ECAC12 /* TensorInitFromNDArrayTests.swift */ = {isa = PBXFileReference; fileEncoding = 4; lastKnownFileType = sourcecode.swift; path = TensorInitFromNDArrayTests.swift; sourceTree = "<group>"; };
		D629A8802C1E3B0000ECAC12 /* TensorInitTests.swift */ = {isa = PBXFileReference; fileEncoding = 4; lastKnownFileType = sourcecode.swift; path = TensorInitTests.swift; sourceTree = "<group>"; };
		D629A8812C1E3B0000ECAC12 /* TensorMeanTests.swift */ = {isa = PBXFileReference; fileEncoding = 4; lastKnownFileType = sourcecode.swift; path = TensorMeanTests.swift; sourceTree = "<group>"; };
		D629A8822C1E3B0000ECAC12 /* TensorMPSAdditionTests.swift */ = {isa = PBXFileReference; fileEncoding = 4; lastKnownFileType = sourcecode.swift; path = TensorMPSAdditionTests.swift; sourceTree = "<group>"; };
		D629A8832C1E3B0000ECAC12 /* TensorMPSSubtractionTests.swift */ = {isa = PBXFileReference; fileEncoding = 4; lastKnownFileType = sourcecode.swift; path = TensorMPSSubtractionTests.swift; sourceTree = "<group>"; };
		D629A8842C1E3B0000ECAC12 /* TensorReduceTests.swift */ = {isa = PBXFileReference; fileEncoding = 4; lastKnownFileType = sourcecode.swift; path = TensorReduceTests.swift; sourceTree = "<group>"; };
		D629A8852C1E3B0000ECAC12 /* TensorSquareRootTests.swift */ = {isa = PBXFileReference; fileEncoding = 4; lastKnownFileType = sourcecode.swift; path = TensorSquareRootTests.swift; sourceTree = "<group>"; };
		D629A8862C1E3B0000ECAC12 /* TensorStackTests.swift */ = {isa = PBXFileReference; fileEncoding = 4; lastKnownFileType = sourcecode.swift; path = TensorStackTests.swift; sourceTree = "<group>"; };
		D629A8872C1E3B0000ECAC12 /* TensorTests.swift */ = {isa = PBXFileReference; fileEncoding = 4; lastKnownFileType = sourcecode.swift; path = TensorTests.swift; sourceTree = "<group>"; };
		D629A8882C1E3B0000ECAC12 /* TensorVarianceTests.swift */ = {isa = PBXFileReference; fileEncoding = 4; lastKnownFileType = sourcecode.swift; path = TensorVarianceTests.swift; sourceTree = "<group>"; };
		D629A8892C1E3B0000ECAC12 /* transposeTests.swift */ = {isa = PBXFileReference; fileEncoding = 4; lastKnownFileType = sourcecode.swift; path = transposeTests.swift; sourceTree = "<group>"; };
		D629A88B2C1E3B0000ECAC12 /* eyeTests.swift */ = {isa = PBXFileReference; fileEncoding = 4; lastKnownFileType = sourcecode.swift; path = eyeTests.swift; sourceTree = "<group>"; };
		D629A88C2C1E3B0000ECAC12 /* onesTests.swift */ = {isa = PBXFileReference; fileEncoding = 4; lastKnownFileType = sourcecode.swift; path = onesTests.swift; sourceTree = "<group>"; };
		D629A88D2C1E3B0000ECAC12 /* randnTests.swift */ = {isa = PBXFileReference; fileEncoding = 4; lastKnownFileType = sourcecode.swift; path = randnTests.swift; sourceTree = "<group>"; };
		D629A88E2C1E3B0000ECAC12 /* randTests.swift */ = {isa = PBXFileReference; fileEncoding = 4; lastKnownFileType = sourcecode.swift; path = randTests.swift; sourceTree = "<group>"; };
		D629A88F2C1E3B0000ECAC12 /* zerosTests.swift */ = {isa = PBXFileReference; fileEncoding = 4; lastKnownFileType = sourcecode.swift; path = zerosTests.swift; sourceTree = "<group>"; };
		D629A8AB2C1F97FC00ECAC12 /* DeviceType.swift */ = {isa = PBXFileReference; lastKnownFileType = sourcecode.swift; path = DeviceType.swift; sourceTree = "<group>"; };
		D629A8AD2C1F9BC800ECAC12 /* ShapeAlignment.swift */ = {isa = PBXFileReference; lastKnownFileType = sourcecode.swift; path = ShapeAlignment.swift; sourceTree = "<group>"; };
		D629A8B02C1F9C4700ECAC12 /* Bool.swift */ = {isa = PBXFileReference; fileEncoding = 4; lastKnownFileType = sourcecode.swift; path = Bool.swift; sourceTree = "<group>"; };
		D629A8B12C1F9C4700ECAC12 /* Int.swift */ = {isa = PBXFileReference; fileEncoding = 4; lastKnownFileType = sourcecode.swift; path = Int.swift; sourceTree = "<group>"; };
		D629A8B22C1F9C4700ECAC12 /* Float.swift */ = {isa = PBXFileReference; fileEncoding = 4; lastKnownFileType = sourcecode.swift; path = Float.swift; sourceTree = "<group>"; };
		D629A8B62C1F9E1900ECAC12 /* broadcastAddition.metal */ = {isa = PBXFileReference; fileEncoding = 4; lastKnownFileType = sourcecode.metal; path = broadcastAddition.metal; sourceTree = "<group>"; };
		D629A8B72C1F9E1900ECAC12 /* elementwiseAddition.metal */ = {isa = PBXFileReference; fileEncoding = 4; lastKnownFileType = sourcecode.metal; path = elementwiseAddition.metal; sourceTree = "<group>"; };
		D629A8B82C1F9E1900ECAC12 /* elementwiseDivision.metal */ = {isa = PBXFileReference; fileEncoding = 4; lastKnownFileType = sourcecode.metal; path = elementwiseDivision.metal; sourceTree = "<group>"; };
		D629A8B92C1F9E1900ECAC12 /* elementwiseMultiplication.metal */ = {isa = PBXFileReference; fileEncoding = 4; lastKnownFileType = sourcecode.metal; path = elementwiseMultiplication.metal; sourceTree = "<group>"; };
		D629A8BA2C1F9E1900ECAC12 /* elementwiseSubtraction.metal */ = {isa = PBXFileReference; fileEncoding = 4; lastKnownFileType = sourcecode.metal; path = elementwiseSubtraction.metal; sourceTree = "<group>"; };
		D629A8BE2C1F9E1900ECAC12 /* makePipelineState.swift */ = {isa = PBXFileReference; fileEncoding = 4; lastKnownFileType = sourcecode.swift; path = makePipelineState.swift; sourceTree = "<group>"; };
		D629A8BF2C1F9E1900ECAC12 /* MPSBackend.swift */ = {isa = PBXFileReference; fileEncoding = 4; lastKnownFileType = sourcecode.swift; path = MPSBackend.swift; sourceTree = "<group>"; };
		D629A8C02C1F9E1900ECAC12 /* MPSBackendError.swift */ = {isa = PBXFileReference; fileEncoding = 4; lastKnownFileType = sourcecode.swift; path = MPSBackendError.swift; sourceTree = "<group>"; };
		D629A8C62C1F9E1900ECAC12 /* CPUBackend.swift */ = {isa = PBXFileReference; fileEncoding = 4; lastKnownFileType = sourcecode.swift; path = CPUBackend.swift; sourceTree = "<group>"; };
		D629A98D2C211C3600ECAC12 /* TensorMPSMultiplicationTests.swift */ = {isa = PBXFileReference; lastKnownFileType = sourcecode.swift; path = TensorMPSMultiplicationTests.swift; sourceTree = "<group>"; };
		D629A98F2C211C4300ECAC12 /* TensorMPSDivisionTests.swift */ = {isa = PBXFileReference; lastKnownFileType = sourcecode.swift; path = TensorMPSDivisionTests.swift; sourceTree = "<group>"; };
		D65B75812C24A75800667D79 /* ZerosLikeTests.swift */ = {isa = PBXFileReference; lastKnownFileType = sourcecode.swift; path = ZerosLikeTests.swift; sourceTree = "<group>"; };
		D65B75832C24AA0B00667D79 /* TensorSqueezeTests.swift */ = {isa = PBXFileReference; lastKnownFileType = sourcecode.swift; path = TensorSqueezeTests.swift; sourceTree = "<group>"; };
		D65B75852C24B08600667D79 /* ScalarTensorArithmeticTests.swift */ = {isa = PBXFileReference; lastKnownFileType = sourcecode.swift; path = ScalarTensorArithmeticTests.swift; sourceTree = "<group>"; };
		D6B7209F2C220D1800EB115D /* dot.metal */ = {isa = PBXFileReference; lastKnownFileType = sourcecode.metal; path = dot.metal; sourceTree = "<group>"; };
		D6B720A12C220D2900EB115D /* matMul.metal */ = {isa = PBXFileReference; lastKnownFileType = sourcecode.metal; path = matMul.metal; sourceTree = "<group>"; };
		D6B720A32C220D3C00EB115D /* batchMatMul.metal */ = {isa = PBXFileReference; lastKnownFileType = sourcecode.metal; path = batchMatMul.metal; sourceTree = "<group>"; };
		D6B720A52C22114C00EB115D /* matMul.swift */ = {isa = PBXFileReference; lastKnownFileType = sourcecode.swift; path = matMul.swift; sourceTree = "<group>"; };
		D6B720A72C22118D00EB115D /* TensorMPSMatMulTests.swift */ = {isa = PBXFileReference; lastKnownFileType = sourcecode.swift; path = TensorMPSMatMulTests.swift; sourceTree = "<group>"; };
		D6B720A92C2223EF00EB115D /* TensorCPUMatMulTests.swift */ = {isa = PBXFileReference; lastKnownFileType = sourcecode.swift; path = TensorCPUMatMulTests.swift; sourceTree = "<group>"; };
		D6B720AB2C2226CC00EB115D /* TensorMPSDotProductTests.swift */ = {isa = PBXFileReference; lastKnownFileType = sourcecode.swift; path = TensorMPSDotProductTests.swift; sourceTree = "<group>"; };
		D6B720AD2C2226ED00EB115D /* TensorCPUDotProductTests.swift */ = {isa = PBXFileReference; lastKnownFileType = sourcecode.swift; path = TensorCPUDotProductTests.swift; sourceTree = "<group>"; };
		D6B720AF2C22289D00EB115D /* dot.swift */ = {isa = PBXFileReference; lastKnownFileType = sourcecode.swift; path = dot.swift; sourceTree = "<group>"; };
		D6B720B12C2233A600EB115D /* unsqueeze.swift */ = {isa = PBXFileReference; lastKnownFileType = sourcecode.swift; path = unsqueeze.swift; sourceTree = "<group>"; };
		D6B720B32C223BA500EB115D /* TensorUnsqueezeTests.swift */ = {isa = PBXFileReference; lastKnownFileType = sourcecode.swift; path = TensorUnsqueezeTests.swift; sourceTree = "<group>"; };
		D6B720B72C2258D400EB115D /* tiledMatMul.metal */ = {isa = PBXFileReference; lastKnownFileType = sourcecode.metal; path = tiledMatMul.metal; sourceTree = "<group>"; };
		D6B720FC2C239C8300EB115D /* leakyReLU.metal */ = {isa = PBXFileReference; fileEncoding = 4; lastKnownFileType = sourcecode.metal; path = leakyReLU.metal; sourceTree = "<group>"; };
		D6B720FD2C239C8300EB115D /* relu.metal */ = {isa = PBXFileReference; fileEncoding = 4; lastKnownFileType = sourcecode.metal; path = relu.metal; sourceTree = "<group>"; };
		D6B720FE2C239C8300EB115D /* sigmoidBackward.metal */ = {isa = PBXFileReference; fileEncoding = 4; lastKnownFileType = sourcecode.metal; path = sigmoidBackward.metal; sourceTree = "<group>"; };
		D6B720FF2C239C8300EB115D /* sigmoidForward.metal */ = {isa = PBXFileReference; fileEncoding = 4; lastKnownFileType = sourcecode.metal; path = sigmoidForward.metal; sourceTree = "<group>"; };
		D6B721002C239C8300EB115D /* tanh.metal */ = {isa = PBXFileReference; fileEncoding = 4; lastKnownFileType = sourcecode.metal; path = tanh.metal; sourceTree = "<group>"; };
/* End PBXFileReference section */

/* Begin PBXFrameworksBuildPhase section */
		D629A81D2C1E39FC00ECAC12 /* Frameworks */ = {
			isa = PBXFrameworksBuildPhase;
			buildActionMask = 2147483647;
			files = (
			);
			runOnlyForDeploymentPostprocessing = 0;
		};
		D629A8272C1E39FC00ECAC12 /* Frameworks */ = {
			isa = PBXFrameworksBuildPhase;
			buildActionMask = 2147483647;
			files = (
				D629A82B2C1E39FC00ECAC12 /* TensorKit.framework in Frameworks */,
			);
			runOnlyForDeploymentPostprocessing = 0;
		};
/* End PBXFrameworksBuildPhase section */

/* Begin PBXGroup section */
		D629A8162C1E39FC00ECAC12 = {
			isa = PBXGroup;
			children = (
				D629A8222C1E39FC00ECAC12 /* TensorKit */,
				D629A82E2C1E39FC00ECAC12 /* TensorKitTests */,
				D629A8212C1E39FC00ECAC12 /* Products */,
			);
			sourceTree = "<group>";
		};
		D629A8212C1E39FC00ECAC12 /* Products */ = {
			isa = PBXGroup;
			children = (
				D629A8202C1E39FC00ECAC12 /* TensorKit.framework */,
				D629A82A2C1E39FC00ECAC12 /* TensorKitTests.xctest */,
			);
			name = Products;
			sourceTree = "<group>";
		};
		D629A8222C1E39FC00ECAC12 /* TensorKit */ = {
			isa = PBXGroup;
			children = (
				D629A8C72C1F9E1900ECAC12 /* CPUBackend */,
				D629A8C12C1F9E1900ECAC12 /* MPSBackend */,
				D629A8C32C1F9E1900ECAC12 /* PipelineStateObjects */,
				D629A8AF2C1F9C3800ECAC12 /* Extensions */,
				D629A86E2C1E3AA400ECAC12 /* TensorGenerators */,
				D629A8512C1E3A9000ECAC12 /* Tensor */,
				D629A8AB2C1F97FC00ECAC12 /* DeviceType.swift */,
				D629A8232C1E39FC00ECAC12 /* TensorKit.h */,
				D629A8242C1E39FC00ECAC12 /* TensorKit.docc */,
				D629A8AD2C1F9BC800ECAC12 /* ShapeAlignment.swift */,
			);
			path = TensorKit;
			sourceTree = "<group>";
		};
		D629A82E2C1E39FC00ECAC12 /* TensorKitTests */ = {
			isa = PBXGroup;
			children = (
				D629A8902C1E3B0000ECAC12 /* TensorGeneratorsTests */,
				D629A88A2C1E3B0000ECAC12 /* TensorTests */,
				D629A82F2C1E39FC00ECAC12 /* TensorKitTests.swift */,
				D6B720AB2C2226CC00EB115D /* TensorMPSDotProductTests.swift */,
				D6B720AD2C2226ED00EB115D /* TensorCPUDotProductTests.swift */,
			);
			path = TensorKitTests;
			sourceTree = "<group>";
		};
		D629A8412C1E3A9000ECAC12 /* TensorManipulations */ = {
			isa = PBXGroup;
			children = (
				D629A83A2C1E3A9000ECAC12 /* concat.swift */,
				D629A83B2C1E3A9000ECAC12 /* mean.swift */,
				D629A83C2C1E3A9000ECAC12 /* reduce.swift */,
				D629A83D2C1E3A9000ECAC12 /* slice.swift */,
				D629A83E2C1E3A9000ECAC12 /* squeeze.swift */,
				D629A83F2C1E3A9000ECAC12 /* stack.swift */,
				D629A8402C1E3A9000ECAC12 /* transpose.swift */,
				D6B720B12C2233A600EB115D /* unsqueeze.swift */,
			);
			path = TensorManipulations;
			sourceTree = "<group>";
		};
		D629A8512C1E3A9000ECAC12 /* Tensor */ = {
			isa = PBXGroup;
			children = (
				D629A8412C1E3A9000ECAC12 /* TensorManipulations */,
				D629A8422C1E3A9000ECAC12 /* calculateStrides.swift */,
				D629A8452C1E3A9000ECAC12 /* item.swift */,
				D629A8462C1E3A9000ECAC12 /* nestedArray.swift */,
				D629A8472C1E3A9000ECAC12 /* processValues.swift */,
				D629A8492C1E3A9000ECAC12 /* ScalarTensorArithmetic.swift */,
				D629A84A2C1E3A9000ECAC12 /* sqrt.swift */,
				D629A84B2C1E3A9000ECAC12 /* Tensor.swift */,
				D629A84C2C1E3A9000ECAC12 /* TensorArithmetic.swift */,
				D629A84D2C1E3A9000ECAC12 /* TensorBroadcasting.swift */,
				D629A84E2C1E3A9000ECAC12 /* TensorData.swift */,
				D629A84F2C1E3A9000ECAC12 /* TensorInit.swift */,
				D629A8502C1E3A9000ECAC12 /* variance.swift */,
				D6B720A52C22114C00EB115D /* matMul.swift */,
				D6B720AF2C22289D00EB115D /* dot.swift */,
			);
			path = Tensor;
			sourceTree = "<group>";
		};
		D629A86E2C1E3AA400ECAC12 /* TensorGenerators */ = {
			isa = PBXGroup;
			children = (
				D629A8682C1E3AA400ECAC12 /* eye.swift */,
				D629A8692C1E3AA400ECAC12 /* ones.swift */,
				D629A86A2C1E3AA400ECAC12 /* rand.swift */,
				D629A86B2C1E3AA400ECAC12 /* randn.swift */,
				D629A86C2C1E3AA400ECAC12 /* zeros.swift */,
				D629A86D2C1E3AA400ECAC12 /* zerosLike.swift */,
			);
			path = TensorGenerators;
			sourceTree = "<group>";
		};
		D629A88A2C1E3B0000ECAC12 /* TensorTests */ = {
			isa = PBXGroup;
			children = (
				D629A8762C1E3B0000ECAC12 /* calculateStridesTest.swift */,
				D629A8782C1E3B0000ECAC12 /* nestedArrayTest.swift */,
				D629A8792C1E3B0000ECAC12 /* processValuesTest.swift */,
				D629A87B2C1E3B0000ECAC12 /* TensorBroadcastTests.swift */,
				D629A87C2C1E3B0000ECAC12 /* TensorConcatTests.swift */,
				D629A87E2C1E3B0000ECAC12 /* TensorDataTests.swift */,
				D629A87F2C1E3B0000ECAC12 /* TensorInitFromNDArrayTests.swift */,
				D629A8802C1E3B0000ECAC12 /* TensorInitTests.swift */,
				D629A8812C1E3B0000ECAC12 /* TensorMeanTests.swift */,
				D629A8842C1E3B0000ECAC12 /* TensorReduceTests.swift */,
				D629A8852C1E3B0000ECAC12 /* TensorSquareRootTests.swift */,
				D629A8862C1E3B0000ECAC12 /* TensorStackTests.swift */,
				D629A8872C1E3B0000ECAC12 /* TensorTests.swift */,
				D629A8882C1E3B0000ECAC12 /* TensorVarianceTests.swift */,
				D629A8892C1E3B0000ECAC12 /* transposeTests.swift */,
				D629A98C2C211AC400ECAC12 /* MPSArithmeticTests */,
				D629A98B2C211A3E00ECAC12 /* CPUArithmeticTests */,
				D6B720A72C22118D00EB115D /* TensorMPSMatMulTests.swift */,
				D6B720A92C2223EF00EB115D /* TensorCPUMatMulTests.swift */,
				D6B720B32C223BA500EB115D /* TensorUnsqueezeTests.swift */,
				D65B75812C24A75800667D79 /* ZerosLikeTests.swift */,
				D65B75832C24AA0B00667D79 /* TensorSqueezeTests.swift */,
				D65B75852C24B08600667D79 /* ScalarTensorArithmeticTests.swift */,
			);
			path = TensorTests;
			sourceTree = "<group>";
		};
		D629A8902C1E3B0000ECAC12 /* TensorGeneratorsTests */ = {
			isa = PBXGroup;
			children = (
				D629A88B2C1E3B0000ECAC12 /* eyeTests.swift */,
				D629A88C2C1E3B0000ECAC12 /* onesTests.swift */,
				D629A88D2C1E3B0000ECAC12 /* randnTests.swift */,
				D629A88E2C1E3B0000ECAC12 /* randTests.swift */,
				D629A88F2C1E3B0000ECAC12 /* zerosTests.swift */,
			);
			path = TensorGeneratorsTests;
			sourceTree = "<group>";
		};
		D629A8AF2C1F9C3800ECAC12 /* Extensions */ = {
			isa = PBXGroup;
			children = (
				D629A8B02C1F9C4700ECAC12 /* Bool.swift */,
				D629A8B22C1F9C4700ECAC12 /* Float.swift */,
				D629A8B12C1F9C4700ECAC12 /* Int.swift */,
			);
			path = Extensions;
			sourceTree = "<group>";
		};
		D629A8BC2C1F9E1900ECAC12 /* Kernels */ = {
			isa = PBXGroup;
			children = (
				D629A8B62C1F9E1900ECAC12 /* broadcastAddition.metal */,
				D629A8B72C1F9E1900ECAC12 /* elementwiseAddition.metal */,
				D629A8B82C1F9E1900ECAC12 /* elementwiseDivision.metal */,
				D629A8B92C1F9E1900ECAC12 /* elementwiseMultiplication.metal */,
				D629A8BA2C1F9E1900ECAC12 /* elementwiseSubtraction.metal */,
				D6B7209F2C220D1800EB115D /* dot.metal */,
				D6B720A12C220D2900EB115D /* matMul.metal */,
				D6B720A32C220D3C00EB115D /* batchMatMul.metal */,
				D6B720B72C2258D400EB115D /* tiledMatMul.metal */,
			);
			path = Kernels;
			sourceTree = "<group>";
		};
		D629A8C12C1F9E1900ECAC12 /* MPSBackend */ = {
			isa = PBXGroup;
			children = (
				D6B721012C239C8300EB115D /* ScorchKernels */,
				D629A8BC2C1F9E1900ECAC12 /* Kernels */,
				D629A8BE2C1F9E1900ECAC12 /* makePipelineState.swift */,
				D629A8BF2C1F9E1900ECAC12 /* MPSBackend.swift */,
				D629A8C02C1F9E1900ECAC12 /* MPSBackendError.swift */,
			);
			path = MPSBackend;
			sourceTree = "<group>";
		};
		D629A8C32C1F9E1900ECAC12 /* PipelineStateObjects */ = {
			isa = PBXGroup;
			children = (
			);
			path = PipelineStateObjects;
			sourceTree = "<group>";
		};
		D629A8C72C1F9E1900ECAC12 /* CPUBackend */ = {
			isa = PBXGroup;
			children = (
				D629A8C62C1F9E1900ECAC12 /* CPUBackend.swift */,
			);
			path = CPUBackend;
			sourceTree = "<group>";
		};
		D629A98B2C211A3E00ECAC12 /* CPUArithmeticTests */ = {
			isa = PBXGroup;
			children = (
				D629A87D2C1E3B0000ECAC12 /* TensorCPUAdditionTests.swift */,
				D629A87A2C1E3B0000ECAC12 /* TensorArithmeticTests.swift */,
			);
			path = CPUArithmeticTests;
			sourceTree = "<group>";
		};
		D629A98C2C211AC400ECAC12 /* MPSArithmeticTests */ = {
			isa = PBXGroup;
			children = (
				D629A8822C1E3B0000ECAC12 /* TensorMPSAdditionTests.swift */,
				D629A8832C1E3B0000ECAC12 /* TensorMPSSubtractionTests.swift */,
				D629A98D2C211C3600ECAC12 /* TensorMPSMultiplicationTests.swift */,
				D629A98F2C211C4300ECAC12 /* TensorMPSDivisionTests.swift */,
			);
			path = MPSArithmeticTests;
			sourceTree = "<group>";
		};
		D6B721012C239C8300EB115D /* ScorchKernels */ = {
			isa = PBXGroup;
			children = (
				D6B720FC2C239C8300EB115D /* leakyReLU.metal */,
				D6B720FD2C239C8300EB115D /* relu.metal */,
				D6B720FE2C239C8300EB115D /* sigmoidBackward.metal */,
				D6B720FF2C239C8300EB115D /* sigmoidForward.metal */,
				D6B721002C239C8300EB115D /* tanh.metal */,
			);
			path = ScorchKernels;
			sourceTree = "<group>";
		};
/* End PBXGroup section */

/* Begin PBXHeadersBuildPhase section */
		D629A81B2C1E39FC00ECAC12 /* Headers */ = {
			isa = PBXHeadersBuildPhase;
			buildActionMask = 2147483647;
			files = (
				D629A8312C1E39FC00ECAC12 /* TensorKit.h in Headers */,
			);
			runOnlyForDeploymentPostprocessing = 0;
		};
/* End PBXHeadersBuildPhase section */

/* Begin PBXNativeTarget section */
		D629A81F2C1E39FC00ECAC12 /* TensorKit */ = {
			isa = PBXNativeTarget;
			buildConfigurationList = D629A8342C1E39FC00ECAC12 /* Build configuration list for PBXNativeTarget "TensorKit" */;
			buildPhases = (
				D629A81B2C1E39FC00ECAC12 /* Headers */,
				D629A81C2C1E39FC00ECAC12 /* Sources */,
				D629A81D2C1E39FC00ECAC12 /* Frameworks */,
				D629A81E2C1E39FC00ECAC12 /* Resources */,
			);
			buildRules = (
			);
			dependencies = (
			);
			name = TensorKit;
			productName = TensorKit;
			productReference = D629A8202C1E39FC00ECAC12 /* TensorKit.framework */;
			productType = "com.apple.product-type.framework";
		};
		D629A8292C1E39FC00ECAC12 /* TensorKitTests */ = {
			isa = PBXNativeTarget;
			buildConfigurationList = D629A8372C1E39FC00ECAC12 /* Build configuration list for PBXNativeTarget "TensorKitTests" */;
			buildPhases = (
				D629A8262C1E39FC00ECAC12 /* Sources */,
				D629A8272C1E39FC00ECAC12 /* Frameworks */,
				D629A8282C1E39FC00ECAC12 /* Resources */,
			);
			buildRules = (
			);
			dependencies = (
				D629A82D2C1E39FC00ECAC12 /* PBXTargetDependency */,
			);
			name = TensorKitTests;
			productName = TensorKitTests;
			productReference = D629A82A2C1E39FC00ECAC12 /* TensorKitTests.xctest */;
			productType = "com.apple.product-type.bundle.unit-test";
		};
/* End PBXNativeTarget section */

/* Begin PBXProject section */
		D629A8172C1E39FC00ECAC12 /* Project object */ = {
			isa = PBXProject;
			attributes = {
				BuildIndependentTargetsInParallel = 1;
				LastSwiftUpdateCheck = 1540;
				LastUpgradeCheck = 1540;
				TargetAttributes = {
					D629A81F2C1E39FC00ECAC12 = {
						CreatedOnToolsVersion = 15.4;
					};
					D629A8292C1E39FC00ECAC12 = {
						CreatedOnToolsVersion = 15.4;
					};
				};
			};
			buildConfigurationList = D629A81A2C1E39FC00ECAC12 /* Build configuration list for PBXProject "TensorKit" */;
			compatibilityVersion = "Xcode 14.0";
			developmentRegion = en;
			hasScannedForEncodings = 0;
			knownRegions = (
				en,
				Base,
			);
			mainGroup = D629A8162C1E39FC00ECAC12;
			productRefGroup = D629A8212C1E39FC00ECAC12 /* Products */;
			projectDirPath = "";
			projectRoot = "";
			targets = (
				D629A81F2C1E39FC00ECAC12 /* TensorKit */,
				D629A8292C1E39FC00ECAC12 /* TensorKitTests */,
			);
		};
/* End PBXProject section */

/* Begin PBXResourcesBuildPhase section */
		D629A81E2C1E39FC00ECAC12 /* Resources */ = {
			isa = PBXResourcesBuildPhase;
			buildActionMask = 2147483647;
			files = (
			);
			runOnlyForDeploymentPostprocessing = 0;
		};
		D629A8282C1E39FC00ECAC12 /* Resources */ = {
			isa = PBXResourcesBuildPhase;
			buildActionMask = 2147483647;
			files = (
			);
			runOnlyForDeploymentPostprocessing = 0;
		};
/* End PBXResourcesBuildPhase section */

/* Begin PBXSourcesBuildPhase section */
		D629A81C2C1E39FC00ECAC12 /* Sources */ = {
			isa = PBXSourcesBuildPhase;
			buildActionMask = 2147483647;
			files = (
				D629A8742C1E3AA400ECAC12 /* zerosLike.swift in Sources */,
				D629A8622C1E3A9000ECAC12 /* Tensor.swift in Sources */,
				D629A8562C1E3A9000ECAC12 /* squeeze.swift in Sources */,
				D629A8582C1E3A9000ECAC12 /* transpose.swift in Sources */,
				D629A8D12C1F9E1900ECAC12 /* elementwiseAddition.metal in Sources */,
				D629A8602C1E3A9000ECAC12 /* ScalarTensorArithmetic.swift in Sources */,
				D6B720B82C2258D400EB115D /* tiledMatMul.metal in Sources */,
				D629A8B42C1F9C4700ECAC12 /* Int.swift in Sources */,
				D6B720A42C220D3C00EB115D /* batchMatMul.metal in Sources */,
				D629A8532C1E3A9000ECAC12 /* mean.swift in Sources */,
				D6B720B22C2233A600EB115D /* unsqueeze.swift in Sources */,
				D629A8252C1E39FC00ECAC12 /* TensorKit.docc in Sources */,
				D629A8712C1E3AA400ECAC12 /* rand.swift in Sources */,
				D629A8672C1E3A9000ECAC12 /* variance.swift in Sources */,
				D6B721022C239C8400EB115D /* leakyReLU.metal in Sources */,
				D629A8AC2C1F97FC00ECAC12 /* DeviceType.swift in Sources */,
				D629A86F2C1E3AA400ECAC12 /* eye.swift in Sources */,
				D6B721052C239C8400EB115D /* sigmoidForward.metal in Sources */,
				D629A8D42C1F9E1900ECAC12 /* elementwiseSubtraction.metal in Sources */,
				D629A85C2C1E3A9000ECAC12 /* item.swift in Sources */,
				D6B720B02C22289D00EB115D /* dot.swift in Sources */,
				D629A8522C1E3A9000ECAC12 /* concat.swift in Sources */,
				D629A8592C1E3A9000ECAC12 /* calculateStrides.swift in Sources */,
				D629A8722C1E3AA400ECAC12 /* randn.swift in Sources */,
				D629A8AE2C1F9BC800ECAC12 /* ShapeAlignment.swift in Sources */,
				D629A8612C1E3A9000ECAC12 /* sqrt.swift in Sources */,
				D6B721062C239C8400EB115D /* tanh.metal in Sources */,
				D629A8652C1E3A9000ECAC12 /* TensorData.swift in Sources */,
				D629A8542C1E3A9000ECAC12 /* reduce.swift in Sources */,
				D629A8D62C1F9E1900ECAC12 /* makePipelineState.swift in Sources */,
				D629A8DC2C1F9E1900ECAC12 /* CPUBackend.swift in Sources */,
				D629A8732C1E3AA400ECAC12 /* zeros.swift in Sources */,
				D629A85D2C1E3A9000ECAC12 /* nestedArray.swift in Sources */,
				D629A8D82C1F9E1900ECAC12 /* MPSBackendError.swift in Sources */,
				D629A8D22C1F9E1900ECAC12 /* elementwiseDivision.metal in Sources */,
				D6B720A02C220D1800EB115D /* dot.metal in Sources */,
				D629A8572C1E3A9000ECAC12 /* stack.swift in Sources */,
				D6B721032C239C8400EB115D /* relu.metal in Sources */,
				D629A8D02C1F9E1900ECAC12 /* broadcastAddition.metal in Sources */,
				D629A8552C1E3A9000ECAC12 /* slice.swift in Sources */,
				D629A8B32C1F9C4700ECAC12 /* Bool.swift in Sources */,
				D629A8D72C1F9E1900ECAC12 /* MPSBackend.swift in Sources */,
				D6B720A62C22114C00EB115D /* matMul.swift in Sources */,
				D6B721042C239C8400EB115D /* sigmoidBackward.metal in Sources */,
				D629A8642C1E3A9000ECAC12 /* TensorBroadcasting.swift in Sources */,
				D629A8632C1E3A9000ECAC12 /* TensorArithmetic.swift in Sources */,
				D629A8B52C1F9C4700ECAC12 /* Float.swift in Sources */,
				D629A8662C1E3A9000ECAC12 /* TensorInit.swift in Sources */,
				D6B720A22C220D2900EB115D /* matMul.metal in Sources */,
				D629A8D32C1F9E1900ECAC12 /* elementwiseMultiplication.metal in Sources */,
				D629A8702C1E3AA400ECAC12 /* ones.swift in Sources */,
				D629A85E2C1E3A9000ECAC12 /* processValues.swift in Sources */,
			);
			runOnlyForDeploymentPostprocessing = 0;
		};
		D629A8262C1E39FC00ECAC12 /* Sources */ = {
			isa = PBXSourcesBuildPhase;
			buildActionMask = 2147483647;
			files = (
				D629A89B2C1E3B0000ECAC12 /* TensorInitFromNDArrayTests.swift in Sources */,
				D65B75842C24AA0B00667D79 /* TensorSqueezeTests.swift in Sources */,
				D629A89D2C1E3B0000ECAC12 /* TensorMeanTests.swift in Sources */,
				D629A8A32C1E3B0000ECAC12 /* TensorTests.swift in Sources */,
				D6B720AC2C2226CC00EB115D /* TensorMPSDotProductTests.swift in Sources */,
				D629A8982C1E3B0000ECAC12 /* TensorConcatTests.swift in Sources */,
				D629A8A62C1E3B0000ECAC12 /* eyeTests.swift in Sources */,
				D629A8922C1E3B0000ECAC12 /* calculateStridesTest.swift in Sources */,
				D6B720B42C223BA500EB115D /* TensorUnsqueezeTests.swift in Sources */,
				D629A8A42C1E3B0000ECAC12 /* TensorVarianceTests.swift in Sources */,
				D6B720A82C22118D00EB115D /* TensorMPSMatMulTests.swift in Sources */,
				D629A89E2C1E3B0000ECAC12 /* TensorMPSAdditionTests.swift in Sources */,
				D629A8A12C1E3B0000ECAC12 /* TensorSquareRootTests.swift in Sources */,
				D629A8302C1E39FC00ECAC12 /* TensorKitTests.swift in Sources */,
				D6B720AE2C2226ED00EB115D /* TensorCPUDotProductTests.swift in Sources */,
				D629A8A72C1E3B0000ECAC12 /* onesTests.swift in Sources */,
				D65B75862C24B08600667D79 /* ScalarTensorArithmeticTests.swift in Sources */,
				D629A8A22C1E3B0000ECAC12 /* TensorStackTests.swift in Sources */,
				D629A89F2C1E3B0000ECAC12 /* TensorMPSSubtractionTests.swift in Sources */,
				D629A89A2C1E3B0000ECAC12 /* TensorDataTests.swift in Sources */,
				D629A8942C1E3B0000ECAC12 /* nestedArrayTest.swift in Sources */,
				D629A8A52C1E3B0000ECAC12 /* transposeTests.swift in Sources */,
				D629A8AA2C1E3B0000ECAC12 /* zerosTests.swift in Sources */,
				D629A8952C1E3B0000ECAC12 /* processValuesTest.swift in Sources */,
				D629A9902C211C4300ECAC12 /* TensorMPSDivisionTests.swift in Sources */,
				D629A8992C1E3B0000ECAC12 /* TensorCPUAdditionTests.swift in Sources */,
				D6B720AA2C2223EF00EB115D /* TensorCPUMatMulTests.swift in Sources */,
				D629A89C2C1E3B0000ECAC12 /* TensorInitTests.swift in Sources */,
				D629A8972C1E3B0000ECAC12 /* TensorBroadcastTests.swift in Sources */,
				D629A8A92C1E3B0000ECAC12 /* randTests.swift in Sources */,
				D629A8A02C1E3B0000ECAC12 /* TensorReduceTests.swift in Sources */,
				D65B75822C24A75800667D79 /* ZerosLikeTests.swift in Sources */,
				D629A98E2C211C3600ECAC12 /* TensorMPSMultiplicationTests.swift in Sources */,
				D629A8A82C1E3B0000ECAC12 /* randnTests.swift in Sources */,
				D629A8962C1E3B0000ECAC12 /* TensorArithmeticTests.swift in Sources */,
			);
			runOnlyForDeploymentPostprocessing = 0;
		};
/* End PBXSourcesBuildPhase section */

/* Begin PBXTargetDependency section */
		D629A82D2C1E39FC00ECAC12 /* PBXTargetDependency */ = {
			isa = PBXTargetDependency;
			target = D629A81F2C1E39FC00ECAC12 /* TensorKit */;
			targetProxy = D629A82C2C1E39FC00ECAC12 /* PBXContainerItemProxy */;
		};
/* End PBXTargetDependency section */

/* Begin XCBuildConfiguration section */
		D629A8322C1E39FC00ECAC12 /* Debug */ = {
			isa = XCBuildConfiguration;
			buildSettings = {
				ALWAYS_SEARCH_USER_PATHS = NO;
				ASSETCATALOG_COMPILER_GENERATE_SWIFT_ASSET_SYMBOL_EXTENSIONS = YES;
				CLANG_ANALYZER_NONNULL = YES;
				CLANG_ANALYZER_NUMBER_OBJECT_CONVERSION = YES_AGGRESSIVE;
				CLANG_CXX_LANGUAGE_STANDARD = "gnu++20";
				CLANG_ENABLE_MODULES = YES;
				CLANG_ENABLE_OBJC_ARC = YES;
				CLANG_ENABLE_OBJC_WEAK = YES;
				CLANG_WARN_BLOCK_CAPTURE_AUTORELEASING = YES;
				CLANG_WARN_BOOL_CONVERSION = YES;
				CLANG_WARN_COMMA = YES;
				CLANG_WARN_CONSTANT_CONVERSION = YES;
				CLANG_WARN_DEPRECATED_OBJC_IMPLEMENTATIONS = YES;
				CLANG_WARN_DIRECT_OBJC_ISA_USAGE = YES_ERROR;
				CLANG_WARN_DOCUMENTATION_COMMENTS = YES;
				CLANG_WARN_EMPTY_BODY = YES;
				CLANG_WARN_ENUM_CONVERSION = YES;
				CLANG_WARN_INFINITE_RECURSION = YES;
				CLANG_WARN_INT_CONVERSION = YES;
				CLANG_WARN_NON_LITERAL_NULL_CONVERSION = YES;
				CLANG_WARN_OBJC_IMPLICIT_RETAIN_SELF = YES;
				CLANG_WARN_OBJC_LITERAL_CONVERSION = YES;
				CLANG_WARN_OBJC_ROOT_CLASS = YES_ERROR;
				CLANG_WARN_QUOTED_INCLUDE_IN_FRAMEWORK_HEADER = YES;
				CLANG_WARN_RANGE_LOOP_ANALYSIS = YES;
				CLANG_WARN_STRICT_PROTOTYPES = YES;
				CLANG_WARN_SUSPICIOUS_MOVE = YES;
				CLANG_WARN_UNGUARDED_AVAILABILITY = YES_AGGRESSIVE;
				CLANG_WARN_UNREACHABLE_CODE = YES;
				CLANG_WARN__DUPLICATE_METHOD_MATCH = YES;
				COPY_PHASE_STRIP = NO;
				CURRENT_PROJECT_VERSION = 1;
				DEBUG_INFORMATION_FORMAT = dwarf;
				ENABLE_STRICT_OBJC_MSGSEND = YES;
				ENABLE_TESTABILITY = YES;
				ENABLE_USER_SCRIPT_SANDBOXING = YES;
				GCC_C_LANGUAGE_STANDARD = gnu17;
				GCC_DYNAMIC_NO_PIC = NO;
				GCC_NO_COMMON_BLOCKS = YES;
				GCC_OPTIMIZATION_LEVEL = 0;
				GCC_PREPROCESSOR_DEFINITIONS = (
					"DEBUG=1",
					"$(inherited)",
				);
				GCC_WARN_64_TO_32_BIT_CONVERSION = YES;
				GCC_WARN_ABOUT_RETURN_TYPE = YES_ERROR;
				GCC_WARN_UNDECLARED_SELECTOR = YES;
				GCC_WARN_UNINITIALIZED_AUTOS = YES_AGGRESSIVE;
				GCC_WARN_UNUSED_FUNCTION = YES;
				GCC_WARN_UNUSED_VARIABLE = YES;
				LOCALIZATION_PREFERS_STRING_CATALOGS = YES;
				MTL_ENABLE_DEBUG_INFO = INCLUDE_SOURCE;
				MTL_FAST_MATH = YES;
				ONLY_ACTIVE_ARCH = YES;
				SWIFT_ACTIVE_COMPILATION_CONDITIONS = "DEBUG $(inherited)";
				SWIFT_OPTIMIZATION_LEVEL = "-Onone";
				VERSIONING_SYSTEM = "apple-generic";
				VERSION_INFO_PREFIX = "";
			};
			name = Debug;
		};
		D629A8332C1E39FC00ECAC12 /* Release */ = {
			isa = XCBuildConfiguration;
			buildSettings = {
				ALWAYS_SEARCH_USER_PATHS = NO;
				ASSETCATALOG_COMPILER_GENERATE_SWIFT_ASSET_SYMBOL_EXTENSIONS = YES;
				CLANG_ANALYZER_NONNULL = YES;
				CLANG_ANALYZER_NUMBER_OBJECT_CONVERSION = YES_AGGRESSIVE;
				CLANG_CXX_LANGUAGE_STANDARD = "gnu++20";
				CLANG_ENABLE_MODULES = YES;
				CLANG_ENABLE_OBJC_ARC = YES;
				CLANG_ENABLE_OBJC_WEAK = YES;
				CLANG_WARN_BLOCK_CAPTURE_AUTORELEASING = YES;
				CLANG_WARN_BOOL_CONVERSION = YES;
				CLANG_WARN_COMMA = YES;
				CLANG_WARN_CONSTANT_CONVERSION = YES;
				CLANG_WARN_DEPRECATED_OBJC_IMPLEMENTATIONS = YES;
				CLANG_WARN_DIRECT_OBJC_ISA_USAGE = YES_ERROR;
				CLANG_WARN_DOCUMENTATION_COMMENTS = YES;
				CLANG_WARN_EMPTY_BODY = YES;
				CLANG_WARN_ENUM_CONVERSION = YES;
				CLANG_WARN_INFINITE_RECURSION = YES;
				CLANG_WARN_INT_CONVERSION = YES;
				CLANG_WARN_NON_LITERAL_NULL_CONVERSION = YES;
				CLANG_WARN_OBJC_IMPLICIT_RETAIN_SELF = YES;
				CLANG_WARN_OBJC_LITERAL_CONVERSION = YES;
				CLANG_WARN_OBJC_ROOT_CLASS = YES_ERROR;
				CLANG_WARN_QUOTED_INCLUDE_IN_FRAMEWORK_HEADER = YES;
				CLANG_WARN_RANGE_LOOP_ANALYSIS = YES;
				CLANG_WARN_STRICT_PROTOTYPES = YES;
				CLANG_WARN_SUSPICIOUS_MOVE = YES;
				CLANG_WARN_UNGUARDED_AVAILABILITY = YES_AGGRESSIVE;
				CLANG_WARN_UNREACHABLE_CODE = YES;
				CLANG_WARN__DUPLICATE_METHOD_MATCH = YES;
				COPY_PHASE_STRIP = NO;
				CURRENT_PROJECT_VERSION = 1;
				DEBUG_INFORMATION_FORMAT = "dwarf-with-dsym";
				ENABLE_NS_ASSERTIONS = NO;
				ENABLE_STRICT_OBJC_MSGSEND = YES;
				ENABLE_USER_SCRIPT_SANDBOXING = YES;
				GCC_C_LANGUAGE_STANDARD = gnu17;
				GCC_NO_COMMON_BLOCKS = YES;
				GCC_WARN_64_TO_32_BIT_CONVERSION = YES;
				GCC_WARN_ABOUT_RETURN_TYPE = YES_ERROR;
				GCC_WARN_UNDECLARED_SELECTOR = YES;
				GCC_WARN_UNINITIALIZED_AUTOS = YES_AGGRESSIVE;
				GCC_WARN_UNUSED_FUNCTION = YES;
				GCC_WARN_UNUSED_VARIABLE = YES;
				LOCALIZATION_PREFERS_STRING_CATALOGS = YES;
				MTL_ENABLE_DEBUG_INFO = NO;
				MTL_FAST_MATH = YES;
				SWIFT_COMPILATION_MODE = wholemodule;
				VERSIONING_SYSTEM = "apple-generic";
				VERSION_INFO_PREFIX = "";
			};
			name = Release;
		};
		D629A8352C1E39FC00ECAC12 /* Debug */ = {
			isa = XCBuildConfiguration;
			buildSettings = {
				ALLOW_TARGET_PLATFORM_SPECIALIZATION = YES;
				BUILD_LIBRARY_FOR_DISTRIBUTION = YES;
				CODE_SIGN_STYLE = Automatic;
				CURRENT_PROJECT_VERSION = 1;
				DEFINES_MODULE = YES;
				DEVELOPMENT_TEAM = 645KPM8GG6;
				DYLIB_COMPATIBILITY_VERSION = 1;
				DYLIB_CURRENT_VERSION = 1;
				DYLIB_INSTALL_NAME_BASE = "@rpath";
				ENABLE_MODULE_VERIFIER = YES;
				GENERATE_INFOPLIST_FILE = YES;
				INFOPLIST_KEY_NSHumanReadableCopyright = "";
				INSTALL_PATH = "$(LOCAL_LIBRARY_DIR)/Frameworks";
				IPHONEOS_DEPLOYMENT_TARGET = 17.5;
				LD_RUNPATH_SEARCH_PATHS = (
					"@executable_path/Frameworks",
					"@loader_path/Frameworks",
				);
				"LD_RUNPATH_SEARCH_PATHS[sdk=macosx*]" = (
					"@executable_path/../Frameworks",
					"@loader_path/Frameworks",
				);
				MACOSX_DEPLOYMENT_TARGET = 14.2;
				MARKETING_VERSION = 1.0;
				MODULE_VERIFIER_SUPPORTED_LANGUAGES = "objective-c objective-c++";
				MODULE_VERIFIER_SUPPORTED_LANGUAGE_STANDARDS = "gnu17 gnu++20";
				PRODUCT_BUNDLE_IDENTIFIER = com.tamburello.TensorKit;
				PRODUCT_NAME = "$(TARGET_NAME:c99extidentifier)";
				SDKROOT = auto;
				SKIP_INSTALL = YES;
				SUPPORTED_PLATFORMS = "iphoneos iphonesimulator macosx";
				SWIFT_EMIT_LOC_STRINGS = YES;
				SWIFT_INSTALL_OBJC_HEADER = NO;
				SWIFT_VERSION = 5.0;
				TARGETED_DEVICE_FAMILY = "1,2";
			};
			name = Debug;
		};
		D629A8362C1E39FC00ECAC12 /* Release */ = {
			isa = XCBuildConfiguration;
			buildSettings = {
				ALLOW_TARGET_PLATFORM_SPECIALIZATION = YES;
				BUILD_LIBRARY_FOR_DISTRIBUTION = YES;
				CODE_SIGN_STYLE = Automatic;
				CURRENT_PROJECT_VERSION = 1;
				DEFINES_MODULE = YES;
				DEVELOPMENT_TEAM = 645KPM8GG6;
				DYLIB_COMPATIBILITY_VERSION = 1;
				DYLIB_CURRENT_VERSION = 1;
				DYLIB_INSTALL_NAME_BASE = "@rpath";
				ENABLE_MODULE_VERIFIER = YES;
				GENERATE_INFOPLIST_FILE = YES;
				INFOPLIST_KEY_NSHumanReadableCopyright = "";
				INSTALL_PATH = "$(LOCAL_LIBRARY_DIR)/Frameworks";
				IPHONEOS_DEPLOYMENT_TARGET = 17.5;
				LD_RUNPATH_SEARCH_PATHS = (
					"@executable_path/Frameworks",
					"@loader_path/Frameworks",
				);
				"LD_RUNPATH_SEARCH_PATHS[sdk=macosx*]" = (
					"@executable_path/../Frameworks",
					"@loader_path/Frameworks",
				);
				MACOSX_DEPLOYMENT_TARGET = 14.2;
				MARKETING_VERSION = 1.0;
				MODULE_VERIFIER_SUPPORTED_LANGUAGES = "objective-c objective-c++";
				MODULE_VERIFIER_SUPPORTED_LANGUAGE_STANDARDS = "gnu17 gnu++20";
				PRODUCT_BUNDLE_IDENTIFIER = com.tamburello.TensorKit;
				PRODUCT_NAME = "$(TARGET_NAME:c99extidentifier)";
				SDKROOT = auto;
				SKIP_INSTALL = YES;
				SUPPORTED_PLATFORMS = "iphoneos iphonesimulator macosx";
				SWIFT_EMIT_LOC_STRINGS = YES;
				SWIFT_INSTALL_OBJC_HEADER = NO;
				SWIFT_VERSION = 5.0;
				TARGETED_DEVICE_FAMILY = "1,2";
			};
			name = Release;
		};
		D629A8382C1E39FC00ECAC12 /* Debug */ = {
			isa = XCBuildConfiguration;
			buildSettings = {
				ALLOW_TARGET_PLATFORM_SPECIALIZATION = YES;
				ALWAYS_EMBED_SWIFT_STANDARD_LIBRARIES = YES;
				CODE_SIGN_STYLE = Automatic;
				CURRENT_PROJECT_VERSION = 1;
				DEVELOPMENT_TEAM = 645KPM8GG6;
				GENERATE_INFOPLIST_FILE = YES;
				IPHONEOS_DEPLOYMENT_TARGET = 17.5;
				MACOSX_DEPLOYMENT_TARGET = 14.2;
				MARKETING_VERSION = 1.0;
				PRODUCT_BUNDLE_IDENTIFIER = com.tamburello.TensorKitTests;
				PRODUCT_NAME = "$(TARGET_NAME)";
				SDKROOT = auto;
				SUPPORTED_PLATFORMS = "iphoneos iphonesimulator macosx";
				SWIFT_EMIT_LOC_STRINGS = NO;
				SWIFT_VERSION = 5.0;
				TARGETED_DEVICE_FAMILY = "1,2";
			};
			name = Debug;
		};
		D629A8392C1E39FC00ECAC12 /* Release */ = {
			isa = XCBuildConfiguration;
			buildSettings = {
				ALLOW_TARGET_PLATFORM_SPECIALIZATION = YES;
				ALWAYS_EMBED_SWIFT_STANDARD_LIBRARIES = YES;
				CODE_SIGN_STYLE = Automatic;
				CURRENT_PROJECT_VERSION = 1;
				DEVELOPMENT_TEAM = 645KPM8GG6;
				GENERATE_INFOPLIST_FILE = YES;
				IPHONEOS_DEPLOYMENT_TARGET = 17.5;
				MACOSX_DEPLOYMENT_TARGET = 14.2;
				MARKETING_VERSION = 1.0;
				PRODUCT_BUNDLE_IDENTIFIER = com.tamburello.TensorKitTests;
				PRODUCT_NAME = "$(TARGET_NAME)";
				SDKROOT = auto;
				SUPPORTED_PLATFORMS = "iphoneos iphonesimulator macosx";
				SWIFT_EMIT_LOC_STRINGS = NO;
				SWIFT_VERSION = 5.0;
				TARGETED_DEVICE_FAMILY = "1,2";
			};
			name = Release;
		};
/* End XCBuildConfiguration section */

/* Begin XCConfigurationList section */
		D629A81A2C1E39FC00ECAC12 /* Build configuration list for PBXProject "TensorKit" */ = {
			isa = XCConfigurationList;
			buildConfigurations = (
				D629A8322C1E39FC00ECAC12 /* Debug */,
				D629A8332C1E39FC00ECAC12 /* Release */,
			);
			defaultConfigurationIsVisible = 0;
			defaultConfigurationName = Release;
		};
		D629A8342C1E39FC00ECAC12 /* Build configuration list for PBXNativeTarget "TensorKit" */ = {
			isa = XCConfigurationList;
			buildConfigurations = (
				D629A8352C1E39FC00ECAC12 /* Debug */,
				D629A8362C1E39FC00ECAC12 /* Release */,
			);
			defaultConfigurationIsVisible = 0;
			defaultConfigurationName = Release;
		};
		D629A8372C1E39FC00ECAC12 /* Build configuration list for PBXNativeTarget "TensorKitTests" */ = {
			isa = XCConfigurationList;
			buildConfigurations = (
				D629A8382C1E39FC00ECAC12 /* Debug */,
				D629A8392C1E39FC00ECAC12 /* Release */,
			);
			defaultConfigurationIsVisible = 0;
			defaultConfigurationName = Release;
		};
/* End XCConfigurationList section */
	};
	rootObject = D629A8172C1E39FC00ECAC12 /* Project object */;
}
